
Microsoft Visual Studio Solution File, Format Version 12.00
# Visual Studio Version 17
VisualStudioVersion = 17.11.35219.272
MinimumVisualStudioVersion = 10.0.40219.1
Project("{9A19103F-16F7-4668-BE54-9A1E7A4F7556}") = "CommerceHelperPuller", "CommerceHelperPuller\CommerceHelperPuller.csproj", "{877320C0-3E0B-4A03-8959-D83B703F7077}"
EndProject
Project("{9A19103F-16F7-4668-BE54-9A1E7A4F7556}") = "CommerceHelperDB", "CommerceHelperDB\CommerceHelperDB.csproj", "{564D7A62-2CAE-4274-A17B-1562735C6F37}"
EndProject
Project("{9A19103F-16F7-4668-BE54-9A1E7A4F7556}") = "DofusCommerceHelper_Web", "DofusCommerceHelper_Web\DofusCommerceHelper_Web.csproj", "{255D427C-39DE-4CE1-84A1-15FAD7DF112A}"
EndProject
Project("{FAE04EC0-301F-11D3-BF4B-00C04F79EFBC}") = "UtilsLibrary", "UtilsLibrary\UtilsLibrary.csproj", "{04197A78-1661-4027-9F6A-C92633644884}"
EndProject
Global
	GlobalSection(SolutionConfigurationPlatforms) = preSolution
		Debug|Any CPU = Debug|Any CPU
		Release|Any CPU = Release|Any CPU
	EndGlobalSection
	GlobalSection(ProjectConfigurationPlatforms) = postSolution
		{877320C0-3E0B-4A03-8959-D83B703F7077}.Debug|Any CPU.ActiveCfg = Debug|Any CPU
		{877320C0-3E0B-4A03-8959-D83B703F7077}.Debug|Any CPU.Build.0 = Debug|Any CPU
		{877320C0-3E0B-4A03-8959-D83B703F7077}.Release|Any CPU.ActiveCfg = Release|Any CPU
		{877320C0-3E0B-4A03-8959-D83B703F7077}.Release|Any CPU.Build.0 = Release|Any CPU
		{564D7A62-2CAE-4274-A17B-1562735C6F37}.Debug|Any CPU.ActiveCfg = Debug|Any CPU
		{564D7A62-2CAE-4274-A17B-1562735C6F37}.Debug|Any CPU.Build.0 = Debug|Any CPU
		{564D7A62-2CAE-4274-A17B-1562735C6F37}.Release|Any CPU.ActiveCfg = Release|Any CPU
		{564D7A62-2CAE-4274-A17B-1562735C6F37}.Release|Any CPU.Build.0 = Release|Any CPU
		{255D427C-39DE-4CE1-84A1-15FAD7DF112A}.Debug|Any CPU.ActiveCfg = Debug|Any CPU
		{255D427C-39DE-4CE1-84A1-15FAD7DF112A}.Debug|Any CPU.Build.0 = Debug|Any CPU
		{255D427C-39DE-4CE1-84A1-15FAD7DF112A}.Release|Any CPU.ActiveCfg = Release|Any CPU
		{255D427C-39DE-4CE1-84A1-15FAD7DF112A}.Release|Any CPU.Build.0 = Release|Any CPU
		{04197A78-1661-4027-9F6A-C92633644884}.Debug|Any CPU.ActiveCfg = Debug|Any CPU
		{04197A78-1661-4027-9F6A-C92633644884}.Debug|Any CPU.Build.0 = Debug|Any CPU
		{04197A78-1661-4027-9F6A-C92633644884}.Release|Any CPU.ActiveCfg = Release|Any CPU
		{04197A78-1661-4027-9F6A-C92633644884}.Release|Any CPU.Build.0 = Release|Any CPU
	EndGlobalSection
	GlobalSection(SolutionProperties) = preSolution
		HideSolutionNode = FALSE
	EndGlobalSection
	GlobalSection(ExtensibilityGlobals) = postSolution
		SolutionGuid = {849637BB-2E83-4F92-BC1C-6DCA3E51E7B5}
	EndGlobalSection
EndGlobal
